
Microsoft Visual Studio Solution File, Format Version 12.00
# Visual Studio Version 16
VisualStudioVersion = 16.0.31729.503
MinimumVisualStudioVersion = 10.0.40219.1
Project("{8BC9CEB8-8B4A-11D0-8D11-00A0C91BC942}") = "3-8", "3-8\3-8.vcxproj", "{87F4BFA1-73D1-40FA-8B6A-82D3B9FF4577}"
EndProject
Global
	GlobalSection(SolutionConfigurationPlatforms) = preSolution
		Debug|x64 = Debug|x64
		Debug|x86 = Debug|x86
		Release|x64 = Release|x64
		Release|x86 = Release|x86
	EndGlobalSection
	GlobalSection(ProjectConfigurationPlatforms) = postSolution
		{87F4BFA1-73D1-40FA-8B6A-82D3B9FF4577}.Debug|x64.ActiveCfg = Debug|x64
		{87F4BFA1-73D1-40FA-8B6A-82D3B9FF4577}.Debug|x64.Build.0 = Debug|x64
		{87F4BFA1-73D1-40FA-8B6A-82D3B9FF4577}.Debug|x86.ActiveCfg = Debug|Win32
		{87F4BFA1-73D1-40FA-8B6A-82D3B9FF4577}.Debug|x86.Build.0 = Debug|Win32
		{87F4BFA1-73D1-40FA-8B6A-82D3B9FF4577}.Release|x64.ActiveCfg = Release|x64
		{87F4BFA1-73D1-40FA-8B6A-82D3B9FF4577}.Release|x64.Build.0 = Release|x64
		{87F4BFA1-73D1-40FA-8B6A-82D3B9FF4577}.Release|x86.ActiveCfg = Release|Win32
		{87F4BFA1-73D1-40FA-8B6A-82D3B9FF4577}.Release|x86.Build.0 = Release|Win32
	EndGlobalSection
	GlobalSection(SolutionProperties) = preSolution
		HideSolutionNode = FALSE
	EndGlobalSection
	GlobalSection(ExtensibilityGlobals) = postSolution
		SolutionGuid = {3C68E1B2-51A8-4D47-AC2F-5B14F11C79EF}
	EndGlobalSection
EndGlobal
